
Microsoft Visual Studio Solution File, Format Version 12.00
# Visual Studio Version 16
VisualStudioVersion = 16.0.28803.352
MinimumVisualStudioVersion = 10.0.40219.1
Project("{9A19103F-16F7-4668-BE54-9A1E7A4F7556}") = "Object", "Object\Object.csproj", "{3ECFCEDF-52BD-4F53-AEC1-57E72C4A215D}"
EndProject
Project("{9A19103F-16F7-4668-BE54-9A1E7A4F7556}") = "Serialize", "Serialize\Serialize.csproj", "{64626BF4-E5E3-44CF-9244-5CC990B08E7F}"
EndProject
Project("{9A19103F-16F7-4668-BE54-9A1E7A4F7556}") = "Operation", "Operation\Operation.csproj", "{23CBEE34-E032-4A7C-B806-FC4CCD2EB7A8}"
EndProject
Project("{9A19103F-16F7-4668-BE54-9A1E7A4F7556}") = "ConsoleApp", "ConsoleApp\ConsoleApp.csproj", "{A92B48F5-79A7-4EBE-8305-964ED4EE2D08}"
EndProject
Project("{FAE04EC0-301F-11D3-BF4B-00C04F79EFBC}") = "Core", "Core\Core.csproj", "{5CFC4E85-C38F-48B3-BEDC-01081F6C6D73}"
EndProject
Global
	GlobalSection(SolutionConfigurationPlatforms) = preSolution
		Debug|Any CPU = Debug|Any CPU
		Release|Any CPU = Release|Any CPU
	EndGlobalSection
	GlobalSection(ProjectConfigurationPlatforms) = postSolution
		{3ECFCEDF-52BD-4F53-AEC1-57E72C4A215D}.Debug|Any CPU.ActiveCfg = Debug|Any CPU
		{3ECFCEDF-52BD-4F53-AEC1-57E72C4A215D}.Debug|Any CPU.Build.0 = Debug|Any CPU
		{3ECFCEDF-52BD-4F53-AEC1-57E72C4A215D}.Release|Any CPU.ActiveCfg = Release|Any CPU
		{3ECFCEDF-52BD-4F53-AEC1-57E72C4A215D}.Release|Any CPU.Build.0 = Release|Any CPU
		{64626BF4-E5E3-44CF-9244-5CC990B08E7F}.Debug|Any CPU.ActiveCfg = Debug|Any CPU
		{64626BF4-E5E3-44CF-9244-5CC990B08E7F}.Debug|Any CPU.Build.0 = Debug|Any CPU
		{64626BF4-E5E3-44CF-9244-5CC990B08E7F}.Release|Any CPU.ActiveCfg = Release|Any CPU
		{64626BF4-E5E3-44CF-9244-5CC990B08E7F}.Release|Any CPU.Build.0 = Release|Any CPU
		{23CBEE34-E032-4A7C-B806-FC4CCD2EB7A8}.Debug|Any CPU.ActiveCfg = Debug|Any CPU
		{23CBEE34-E032-4A7C-B806-FC4CCD2EB7A8}.Debug|Any CPU.Build.0 = Debug|Any CPU
		{23CBEE34-E032-4A7C-B806-FC4CCD2EB7A8}.Release|Any CPU.ActiveCfg = Release|Any CPU
		{23CBEE34-E032-4A7C-B806-FC4CCD2EB7A8}.Release|Any CPU.Build.0 = Release|Any CPU
		{A92B48F5-79A7-4EBE-8305-964ED4EE2D08}.Debug|Any CPU.ActiveCfg = Debug|Any CPU
		{A92B48F5-79A7-4EBE-8305-964ED4EE2D08}.Debug|Any CPU.Build.0 = Debug|Any CPU
		{A92B48F5-79A7-4EBE-8305-964ED4EE2D08}.Release|Any CPU.ActiveCfg = Release|Any CPU
		{A92B48F5-79A7-4EBE-8305-964ED4EE2D08}.Release|Any CPU.Build.0 = Release|Any CPU
		{5CFC4E85-C38F-48B3-BEDC-01081F6C6D73}.Debug|Any CPU.ActiveCfg = Debug|Any CPU
		{5CFC4E85-C38F-48B3-BEDC-01081F6C6D73}.Debug|Any CPU.Build.0 = Debug|Any CPU
		{5CFC4E85-C38F-48B3-BEDC-01081F6C6D73}.Release|Any CPU.ActiveCfg = Release|Any CPU
		{5CFC4E85-C38F-48B3-BEDC-01081F6C6D73}.Release|Any CPU.Build.0 = Release|Any CPU
	EndGlobalSection
	GlobalSection(SolutionProperties) = preSolution
		HideSolutionNode = FALSE
	EndGlobalSection
	GlobalSection(ExtensibilityGlobals) = postSolution
		SolutionGuid = {2D2A1F57-DDBF-4BC0-9BA4-84D4E0D6B67D}
	EndGlobalSection
EndGlobal
